<Solution>
	<Folder Name="/src/">
		<Project Path="src/Plugin.Maui.GeoLocator/Plugin.Maui.GeoLocator.csproj" />
	</Folder>
	<Folder Name="/samples/">
		<Project Path="samples/GeoLocator.Sample/GeoLocator.Sample.csproj" />
	</Folder>
	<Folder Name="/tests/">
		<Project Path="tests/Plugin.Maui.GeoLocator.Tests/Plugin.Maui.GeoLocator.Tests.csproj" />
	</Folder>
</Solution>
